<?xml version="1.0" encoding="UTF-8"?>
<Scheme
   LastUpgradeVersion = "0730"
   version = "2.0">
   <BuildAction
      parallelizeBuildables = "YES"
      buildImplicitDependencies = "YES">
      <BuildActionEntries>
         <BuildActionEntry
            buildForTesting = "YES"
            buildForRunning = "YES"
            buildForProfiling = "YES"
            buildForArchiving = "YES"
            buildForAnalyzing = "YES">
            <BuildableReference
               BuildableIdentifier = "primary"
               BlueprintIdentifier = "30601D0D1D9D10D900163ED8"
               BuildableName = "WatchKitApp.app"
               BlueprintName = "WatchKitApp"
               ReferencedContainer = "container:WatchKitComplicationTest.xcodeproj">
            </BuildableReference>
         </BuildActionEntry>
         <BuildActionEntry
            buildForTesting = "YES"
            buildForRunning = "YES"
            buildForProfiling = "YES"
            buildForArchiving = "YES"
            buildForAnalyzing = "YES">
            <BuildableReference
               BuildableIdentifier = "primary"
               BlueprintIdentifier = "30601CF61D9D108300163ED8"
               BuildableName = "WatchKitComplicationTest.app"
               BlueprintName = "WatchKitComplicationTest"
               ReferencedContainer = "container:WatchKitComplicationTest.xcodeproj">
            </BuildableReference>
         </BuildActionEntry>
         <BuildActionEntry
            buildForTesting = "YES"
            buildForRunning = "YES"
            buildForProfiling = "YES"
            buildForArchiving = "YES"
            buildForAnalyzing = "YES">
            <BuildableReference
               BuildableIdentifier = "primary"
               BlueprintIdentifier = "30601D191D9D10D900163ED8"
               BuildableName = "WatchKitApp Extension.appex"
               BlueprintName = "WatchKitApp Extension"
               ReferencedContainer = "container:WatchKitComplicationTest.xcodeproj">
            </BuildableReference>
         </BuildActionEntry>
      </BuildActionEntries>
   </BuildAction>
   <TestAction
      buildConfiguration = "Debug"
      selectedDebuggerIdentifier = "Xcode.DebuggerFoundation.Debugger.LLDB"
      selectedLauncherIdentifier = "Xcode.DebuggerFoundation.Launcher.LLDB"
      shouldUseLaunchSchemeArgsEnv = "YES">
      <Testables>
      </Testables>
      <MacroExpansion>
         <BuildableReference
            BuildableIdentifier = "primary"
            BlueprintIdentifier = "30601D0D1D9D10D900163ED8"
            BuildableName = "WatchKitApp.app"
            BlueprintName = "WatchKitApp"
            ReferencedContainer = "container:WatchKitComplicationTest.xcodeproj">
         </BuildableReference>
      </MacroExpansion>
      <AdditionalOptions>
      </AdditionalOptions>
   </TestAction>
   <LaunchAction
      buildConfiguration = "Debug"
      selectedDebuggerIdentifier = "Xcode.DebuggerFoundation.Debugger.LLDB"
      selectedLauncherIdentifier = "Xcode.DebuggerFoundation.Launcher.LLDB"
      launchStyle = "0"
      useCustomWorkingDirectory = "NO"
      ignoresPersistentStateOnLaunch = "NO"
      debugDocumentVersioning = "YES"
      debugServiceExtension = "internal"
      allowLocationSimulation = "YES"
      launchAutomaticallySubstyle = "32">
      <RemoteRunnable
         runnableDebuggingMode = "2"
         BundleIdentifier = "com.apple.carousel"
         RemotePath = "/WatchKitComplicationTest">
         <BuildableReference
            BuildableIdentifier = "primary"
            BlueprintIdentifier = "30601D0D1D9D10D900163ED8"
            BuildableName = "WatchKitApp.app"
            BlueprintName = "WatchKitApp"
            ReferencedContainer = "container:WatchKitComplicationTest.xcodeproj">
         </BuildableReference>
      </RemoteRunnable>
      <MacroExpansion>
         <BuildableReference
            BuildableIdentifier = "primary"
            BlueprintIdentifier = "30601D0D1D9D10D900163ED8"
            BuildableName = "WatchKitApp.app"
            BlueprintName = "WatchKitApp"
            ReferencedContainer = "container:WatchKitComplicationTest.xcodeproj">
         </BuildableReference>
      </MacroExpansion>
      <AdditionalOptions>
      </AdditionalOptions>
   </LaunchAction>
   <ProfileAction
      buildConfiguration = "Release"
      shouldUseLaunchSchemeArgsEnv = "YES"
      savedToolIdentifier = ""
      useCustomWorkingDirectory = "NO"
      debugDocumentVersioning = "YES"
      launchAutomaticallySubstyle = "32">
      <RemoteRunnable
         runnableDebuggingMode = "2"
         BundleIdentifier = "com.apple.carousel"
         RemotePath = "/WatchKitComplicationTest">
         <BuildableReference
            BuildableIdentifier = "primary"
            BlueprintIdentifier = "30601D0D1D9D10D900163ED8"
            BuildableName = "WatchKitApp.app"
            BlueprintName = "WatchKitApp"
            ReferencedContainer = "container:WatchKitComplicationTest.xcodeproj">
         </BuildableReference>
      </RemoteRunnable>
      <MacroExpansion>
         <BuildableReference
            BuildableIdentifier = "primary"
            BlueprintIdentifier = "30601D0D1D9D10D900163ED8"
            BuildableName = "WatchKitApp.app"
            BlueprintName = "WatchKitApp"
            ReferencedContainer = "container:WatchKitComplicationTest.xcodeproj">
         </BuildableReference>
      </MacroExpansion>
   </ProfileAction>
   <AnalyzeAction
      buildConfiguration = "Debug">
   </AnalyzeAction>
   <ArchiveAction
      buildConfiguration = "Release"
      revealArchiveInOrganizer = "YES">
   </ArchiveAction>
</Scheme>
